// !$*UTF8*$!
{
	archiveVersion = 1;
	classes = {
	};
	objectVersion = 56;
	objects = {

/* Begin PBXBuildFile section */
		AA4B21962AB5F64100902071 /* ChatAppApp.swift in Sources */ = {isa = PBXBuildFile; fileRef = AA4B21952AB5F64100902071 /* ChatAppApp.swift */; };
		AA4B21982AB5F64100902071 /* ContentView.swift in Sources */ = {isa = PBXBuildFile; fileRef = AA4B21972AB5F64100902071 /* ContentView.swift */; };
		AA4B219A2AB5F64200902071 /* Assets.xcassets in Resources */ = {isa = PBXBuildFile; fileRef = AA4B21992AB5F64200902071 /* Assets.xcassets */; };
		AA4B219D2AB5F64200902071 /* Preview Assets.xcassets in Resources */ = {isa = PBXBuildFile; fileRef = AA4B219C2AB5F64200902071 /* Preview Assets.xcassets */; };
		AA4B21A52AB6143400902071 /* TitleRow.swift in Sources */ = {isa = PBXBuildFile; fileRef = AA4B21A42AB6143400902071 /* TitleRow.swift */; };
		AA4B21A92AB617C800902071 /* Message.swift in Sources */ = {isa = PBXBuildFile; fileRef = AA4B21A82AB617C800902071 /* Message.swift */; };
		AA4B21AB2AB6185C00902071 /* MessageBubble.swift in Sources */ = {isa = PBXBuildFile; fileRef = AA4B21AA2AB6185C00902071 /* MessageBubble.swift */; };
		AA4B21AD2AB61E0E00902071 /* Extentions.swift in Sources */ = {isa = PBXBuildFile; fileRef = AA4B21AC2AB61E0E00902071 /* Extentions.swift */; };
		AA4B21AF2AB620CD00902071 /* MessgeField.swift in Sources */ = {isa = PBXBuildFile; fileRef = AA4B21AE2AB620CD00902071 /* MessgeField.swift */; };
		AA4B21B22AB629AE00902071 /* FirebaseFirestore in Frameworks */ = {isa = PBXBuildFile; productRef = AA4B21B12AB629AE00902071 /* FirebaseFirestore */; };
		AA4B21B42AB629AE00902071 /* FirebaseFirestoreSwift in Frameworks */ = {isa = PBXBuildFile; productRef = AA4B21B32AB629AE00902071 /* FirebaseFirestoreSwift */; };
		AA4B21B62AB62A5300902071 /* GoogleService-Info.plist in Resources */ = {isa = PBXBuildFile; fileRef = AA4B21B52AB62A5300902071 /* GoogleService-Info.plist */; };
		AA4B21B82AB62E8E00902071 /* MessageManger.swift in Sources */ = {isa = PBXBuildFile; fileRef = AA4B21B72AB62E8E00902071 /* MessageManger.swift */; };
/* End PBXBuildFile section */

/* Begin PBXFileReference section */
		AA4B21922AB5F64100902071 /* ChatApp.app */ = {isa = PBXFileReference; explicitFileType = wrapper.application; includeInIndex = 0; path = ChatApp.app; sourceTree = BUILT_PRODUCTS_DIR; };
		AA4B21952AB5F64100902071 /* ChatAppApp.swift */ = {isa = PBXFileReference; lastKnownFileType = sourcecode.swift; path = ChatAppApp.swift; sourceTree = "<group>"; };
		AA4B21972AB5F64100902071 /* ContentView.swift */ = {isa = PBXFileReference; lastKnownFileType = sourcecode.swift; path = ContentView.swift; sourceTree = "<group>"; };
		AA4B21992AB5F64200902071 /* Assets.xcassets */ = {isa = PBXFileReference; lastKnownFileType = folder.assetcatalog; path = Assets.xcassets; sourceTree = "<group>"; };
		AA4B219C2AB5F64200902071 /* Preview Assets.xcassets */ = {isa = PBXFileReference; lastKnownFileType = folder.assetcatalog; path = "Preview Assets.xcassets"; sourceTree = "<group>"; };
		AA4B21A42AB6143400902071 /* TitleRow.swift */ = {isa = PBXFileReference; lastKnownFileType = sourcecode.swift; path = TitleRow.swift; sourceTree = "<group>"; };
		AA4B21A82AB617C800902071 /* Message.swift */ = {isa = PBXFileReference; lastKnownFileType = sourcecode.swift; path = Message.swift; sourceTree = "<group>"; };
		AA4B21AA2AB6185C00902071 /* MessageBubble.swift */ = {isa = PBXFileReference; lastKnownFileType = sourcecode.swift; path = MessageBubble.swift; sourceTree = "<group>"; };
		AA4B21AC2AB61E0E00902071 /* Extentions.swift */ = {isa = PBXFileReference; lastKnownFileType = sourcecode.swift; path = Extentions.swift; sourceTree = "<group>"; };
		AA4B21AE2AB620CD00902071 /* MessgeField.swift */ = {isa = PBXFileReference; lastKnownFileType = sourcecode.swift; path = MessgeField.swift; sourceTree = "<group>"; };
		AA4B21B52AB62A5300902071 /* GoogleService-Info.plist */ = {isa = PBXFileReference; fileEncoding = 4; lastKnownFileType = text.plist.xml; path = "GoogleService-Info.plist"; sourceTree = "<group>"; };
		AA4B21B72AB62E8E00902071 /* MessageManger.swift */ = {isa = PBXFileReference; lastKnownFileType = sourcecode.swift; path = MessageManger.swift; sourceTree = "<group>"; };
/* End PBXFileReference section */

/* Begin PBXFrameworksBuildPhase section */
		AA4B218F2AB5F64100902071 /* Frameworks */ = {
			isa = PBXFrameworksBuildPhase;
			buildActionMask = 2147483647;
			files = (
				AA4B21B22AB629AE00902071 /* FirebaseFirestore in Frameworks */,
				AA4B21B42AB629AE00902071 /* FirebaseFirestoreSwift in Frameworks */,
			);
			runOnlyForDeploymentPostprocessing = 0;
		};
/* End PBXFrameworksBuildPhase section */

/* Begin PBXGroup section */
		AA4B21892AB5F64100902071 = {
			isa = PBXGroup;
			children = (
				AA4B21942AB5F64100902071 /* ChatApp */,
				AA4B21932AB5F64100902071 /* Products */,
			);
			sourceTree = "<group>";
		};
		AA4B21932AB5F64100902071 /* Products */ = {
			isa = PBXGroup;
			children = (
				AA4B21922AB5F64100902071 /* ChatApp.app */,
			);
			name = Products;
			sourceTree = "<group>";
		};
		AA4B21942AB5F64100902071 /* ChatApp */ = {
			isa = PBXGroup;
			children = (
				AA4B21B52AB62A5300902071 /* GoogleService-Info.plist */,
				AA4B21952AB5F64100902071 /* ChatAppApp.swift */,
				AA4B21972AB5F64100902071 /* ContentView.swift */,
				AA4B21AC2AB61E0E00902071 /* Extentions.swift */,
				AA4B21A72AB617B800902071 /* Model */,
				AA4B21A32AB6141D00902071 /* Components */,
				AA4B21992AB5F64200902071 /* Assets.xcassets */,
				AA4B219B2AB5F64200902071 /* Preview Content */,
				AA4B21B72AB62E8E00902071 /* MessageManger.swift */,
			);
			path = ChatApp;
			sourceTree = "<group>";
		};
		AA4B219B2AB5F64200902071 /* Preview Content */ = {
			isa = PBXGroup;
			children = (
				AA4B219C2AB5F64200902071 /* Preview Assets.xcassets */,
			);
			path = "Preview Content";
			sourceTree = "<group>";
		};
		AA4B21A32AB6141D00902071 /* Components */ = {
			isa = PBXGroup;
			children = (
				AA4B21A42AB6143400902071 /* TitleRow.swift */,
				AA4B21AA2AB6185C00902071 /* MessageBubble.swift */,
				AA4B21AE2AB620CD00902071 /* MessgeField.swift */,
			);
			path = Components;
			sourceTree = "<group>";
		};
		AA4B21A72AB617B800902071 /* Model */ = {
			isa = PBXGroup;
			children = (
				AA4B21A82AB617C800902071 /* Message.swift */,
			);
			path = Model;
			sourceTree = "<group>";
		};
/* End PBXGroup section */

/* Begin PBXNativeTarget section */
		AA4B21912AB5F64100902071 /* ChatApp */ = {
			isa = PBXNativeTarget;
			buildConfigurationList = AA4B21A02AB5F64200902071 /* Build configuration list for PBXNativeTarget "ChatApp" */;
			buildPhases = (
				AA4B218E2AB5F64100902071 /* Sources */,
				AA4B218F2AB5F64100902071 /* Frameworks */,
				AA4B21902AB5F64100902071 /* Resources */,
			);
			buildRules = (
			);
			dependencies = (
			);
			name = ChatApp;
			packageProductDependencies = (
				AA4B21B12AB629AE00902071 /* FirebaseFirestore */,
				AA4B21B32AB629AE00902071 /* FirebaseFirestoreSwift */,
			);
			productName = ChatApp;
			productReference = AA4B21922AB5F64100902071 /* ChatApp.app */;
			productType = "com.apple.product-type.application";
		};
/* End PBXNativeTarget section */

/* Begin PBXProject section */
		AA4B218A2AB5F64100902071 /* Project object */ = {
			isa = PBXProject;
			attributes = {
				BuildIndependentTargetsInParallel = 1;
				LastSwiftUpdateCheck = 1430;
				LastUpgradeCheck = 1430;
				TargetAttributes = {
					AA4B21912AB5F64100902071 = {
						CreatedOnToolsVersion = 14.3.1;
					};
				};
			};
			buildConfigurationList = AA4B218D2AB5F64100902071 /* Build configuration list for PBXProject "ChatApp" */;
			compatibilityVersion = "Xcode 14.0";
			developmentRegion = en;
			hasScannedForEncodings = 0;
			knownRegions = (
				en,
				Base,
			);
			mainGroup = AA4B21892AB5F64100902071;
			packageReferences = (
				AA4B21B02AB629AE00902071 /* XCRemoteSwiftPackageReference "firebase-ios-sdk" */,
			);
			productRefGroup = AA4B21932AB5F64100902071 /* Products */;
			projectDirPath = "";
			projectRoot = "";
			targets = (
				AA4B21912AB5F64100902071 /* ChatApp */,
			);
		};
/* End PBXProject section */

/* Begin PBXResourcesBuildPhase section */
		AA4B21902AB5F64100902071 /* Resources */ = {
			isa = PBXResourcesBuildPhase;
			buildActionMask = 2147483647;
			files = (
				AA4B219D2AB5F64200902071 /* Preview Assets.xcassets in Resources */,
				AA4B219A2AB5F64200902071 /* Assets.xcassets in Resources */,
				AA4B21B62AB62A5300902071 /* GoogleService-Info.plist in Resources */,
			);
			runOnlyForDeploymentPostprocessing = 0;
		};
/* End PBXResourcesBuildPhase section */

/* Begin PBXSourcesBuildPhase section */
		AA4B218E2AB5F64100902071 /* Sources */ = {
			isa = PBXSourcesBuildPhase;
			buildActionMask = 2147483647;
			files = (
				AA4B21982AB5F64100902071 /* ContentView.swift in Sources */,
				AA4B21A92AB617C800902071 /* Message.swift in Sources */,
				AA4B21AF2AB620CD00902071 /* MessgeField.swift in Sources */,
				AA4B21AD2AB61E0E00902071 /* Extentions.swift in Sources */,
				AA4B21AB2AB6185C00902071 /* MessageBubble.swift in Sources */,
				AA4B21B82AB62E8E00902071 /* MessageManger.swift in Sources */,
				AA4B21962AB5F64100902071 /* ChatAppApp.swift in Sources */,
				AA4B21A52AB6143400902071 /* TitleRow.swift in Sources */,
			);
			runOnlyForDeploymentPostprocessing = 0;
		};
/* End PBXSourcesBuildPhase section */

/* Begin XCBuildConfiguration section */
		AA4B219E2AB5F64200902071 /* Debug */ = {
			isa = XCBuildConfiguration;
			buildSettings = {
				ALWAYS_SEARCH_USER_PATHS = NO;
				CLANG_ANALYZER_NONNULL = YES;
				CLANG_ANALYZER_NUMBER_OBJECT_CONVERSION = YES_AGGRESSIVE;
				CLANG_CXX_LANGUAGE_STANDARD = "gnu++20";
				CLANG_ENABLE_MODULES = YES;
				CLANG_ENABLE_OBJC_ARC = YES;
				CLANG_ENABLE_OBJC_WEAK = YES;
				CLANG_WARN_BLOCK_CAPTURE_AUTORELEASING = YES;
				CLANG_WARN_BOOL_CONVERSION = YES;
				CLANG_WARN_COMMA = YES;
				CLANG_WARN_CONSTANT_CONVERSION = YES;
				CLANG_WARN_DEPRECATED_OBJC_IMPLEMENTATIONS = YES;
				CLANG_WARN_DIRECT_OBJC_ISA_USAGE = YES_ERROR;
				CLANG_WARN_DOCUMENTATION_COMMENTS = YES;
				CLANG_WARN_EMPTY_BODY = YES;
				CLANG_WARN_ENUM_CONVERSION = YES;
				CLANG_WARN_INFINITE_RECURSION = YES;
				CLANG_WARN_INT_CONVERSION = YES;
				CLANG_WARN_NON_LITERAL_NULL_CONVERSION = YES;
				CLANG_WARN_OBJC_IMPLICIT_RETAIN_SELF = YES;
				CLANG_WARN_OBJC_LITERAL_CONVERSION = YES;
				CLANG_WARN_OBJC_ROOT_CLASS = YES_ERROR;
				CLANG_WARN_QUOTED_INCLUDE_IN_FRAMEWORK_HEADER = YES;
				CLANG_WARN_RANGE_LOOP_ANALYSIS = YES;
				CLANG_WARN_STRICT_PROTOTYPES = YES;
				CLANG_WARN_SUSPICIOUS_MOVE = YES;
				CLANG_WARN_UNGUARDED_AVAILABILITY = YES_AGGRESSIVE;
				CLANG_WARN_UNREACHABLE_CODE = YES;
				CLANG_WARN__DUPLICATE_METHOD_MATCH = YES;
				COPY_PHASE_STRIP = NO;
				DEBUG_INFORMATION_FORMAT = dwarf;
				ENABLE_STRICT_OBJC_MSGSEND = YES;
				ENABLE_TESTABILITY = YES;
				GCC_C_LANGUAGE_STANDARD = gnu11;
				GCC_DYNAMIC_NO_PIC = NO;
				GCC_NO_COMMON_BLOCKS = YES;
				GCC_OPTIMIZATION_LEVEL = 0;
				GCC_PREPROCESSOR_DEFINITIONS = (
					"DEBUG=1",
					"$(inherited)",
				);
				GCC_WARN_64_TO_32_BIT_CONVERSION = YES;
				GCC_WARN_ABOUT_RETURN_TYPE = YES_ERROR;
				GCC_WARN_UNDECLARED_SELECTOR = YES;
				GCC_WARN_UNINITIALIZED_AUTOS = YES_AGGRESSIVE;
				GCC_WARN_UNUSED_FUNCTION = YES;
				GCC_WARN_UNUSED_VARIABLE = YES;
				IPHONEOS_DEPLOYMENT_TARGET = 16.4;
				MTL_ENABLE_DEBUG_INFO = INCLUDE_SOURCE;
				MTL_FAST_MATH = YES;
				ONLY_ACTIVE_ARCH = YES;
				SDKROOT = iphoneos;
				SWIFT_ACTIVE_COMPILATION_CONDITIONS = DEBUG;
				SWIFT_OPTIMIZATION_LEVEL = "-Onone";
			};
			name = Debug;
		};
		AA4B219F2AB5F64200902071 /* Release */ = {
			isa = XCBuildConfiguration;
			buildSettings = {
				ALWAYS_SEARCH_USER_PATHS = NO;
				CLANG_ANALYZER_NONNULL = YES;
				CLANG_ANALYZER_NUMBER_OBJECT_CONVERSION = YES_AGGRESSIVE;
				CLANG_CXX_LANGUAGE_STANDARD = "gnu++20";
				CLANG_ENABLE_MODULES = YES;
				CLANG_ENABLE_OBJC_ARC = YES;
				CLANG_ENABLE_OBJC_WEAK = YES;
				CLANG_WARN_BLOCK_CAPTURE_AUTORELEASING = YES;
				CLANG_WARN_BOOL_CONVERSION = YES;
				CLANG_WARN_COMMA = YES;
				CLANG_WARN_CONSTANT_CONVERSION = YES;
				CLANG_WARN_DEPRECATED_OBJC_IMPLEMENTATIONS = YES;
				CLANG_WARN_DIRECT_OBJC_ISA_USAGE = YES_ERROR;
				CLANG_WARN_DOCUMENTATION_COMMENTS = YES;
				CLANG_WARN_EMPTY_BODY = YES;
				CLANG_WARN_ENUM_CONVERSION = YES;
				CLANG_WARN_INFINITE_RECURSION = YES;
				CLANG_WARN_INT_CONVERSION = YES;
				CLANG_WARN_NON_LITERAL_NULL_CONVERSION = YES;
				CLANG_WARN_OBJC_IMPLICIT_RETAIN_SELF = YES;
				CLANG_WARN_OBJC_LITERAL_CONVERSION = YES;
				CLANG_WARN_OBJC_ROOT_CLASS = YES_ERROR;
				CLANG_WARN_QUOTED_INCLUDE_IN_FRAMEWORK_HEADER = YES;
				CLANG_WARN_RANGE_LOOP_ANALYSIS = YES;
				CLANG_WARN_STRICT_PROTOTYPES = YES;
				CLANG_WARN_SUSPICIOUS_MOVE = YES;
				CLANG_WARN_UNGUARDED_AVAILABILITY = YES_AGGRESSIVE;
				CLANG_WARN_UNREACHABLE_CODE = YES;
				CLANG_WARN__DUPLICATE_METHOD_MATCH = YES;
				COPY_PHASE_STRIP = NO;
				DEBUG_INFORMATION_FORMAT = "dwarf-with-dsym";
				ENABLE_NS_ASSERTIONS = NO;
				ENABLE_STRICT_OBJC_MSGSEND = YES;
				GCC_C_LANGUAGE_STANDARD = gnu11;
				GCC_NO_COMMON_BLOCKS = YES;
				GCC_WARN_64_TO_32_BIT_CONVERSION = YES;
				GCC_WARN_ABOUT_RETURN_TYPE = YES_ERROR;
				GCC_WARN_UNDECLARED_SELECTOR = YES;
				GCC_WARN_UNINITIALIZED_AUTOS = YES_AGGRESSIVE;
				GCC_WARN_UNUSED_FUNCTION = YES;
				GCC_WARN_UNUSED_VARIABLE = YES;
				IPHONEOS_DEPLOYMENT_TARGET = 16.4;
				MTL_ENABLE_DEBUG_INFO = NO;
				MTL_FAST_MATH = YES;
				SDKROOT = iphoneos;
				SWIFT_COMPILATION_MODE = wholemodule;
				SWIFT_OPTIMIZATION_LEVEL = "-O";
				VALIDATE_PRODUCT = YES;
			};
			name = Release;
		};
		AA4B21A12AB5F64200902071 /* Debug */ = {
			isa = XCBuildConfiguration;
			buildSettings = {
				ASSETCATALOG_COMPILER_APPICON_NAME = AppIcon;
				ASSETCATALOG_COMPILER_GLOBAL_ACCENT_COLOR_NAME = AccentColor;
				CODE_SIGN_STYLE = Automatic;
				CURRENT_PROJECT_VERSION = 1;
				DEVELOPMENT_ASSET_PATHS = "\"ChatApp/Preview Content\"";
				DEVELOPMENT_TEAM = 44UXU53UD6;
				ENABLE_PREVIEWS = YES;
				GENERATE_INFOPLIST_FILE = YES;
				INFOPLIST_KEY_UIApplicationSceneManifest_Generation = YES;
				INFOPLIST_KEY_UIApplicationSupportsIndirectInputEvents = YES;
				INFOPLIST_KEY_UILaunchScreen_Generation = YES;
				INFOPLIST_KEY_UISupportedInterfaceOrientations_iPad = "UIInterfaceOrientationPortrait UIInterfaceOrientationPortraitUpsideDown UIInterfaceOrientationLandscapeLeft UIInterfaceOrientationLandscapeRight";
				INFOPLIST_KEY_UISupportedInterfaceOrientations_iPhone = "UIInterfaceOrientationPortrait UIInterfaceOrientationLandscapeLeft UIInterfaceOrientationLandscapeRight";
				LD_RUNPATH_SEARCH_PATHS = (
					"$(inherited)",
					"@executable_path/Frameworks",
				);
				MARKETING_VERSION = 1.0;
				PRODUCT_BUNDLE_IDENTIFIER = doubleclick.ChatApp;
				PRODUCT_NAME = "$(TARGET_NAME)";
				SWIFT_EMIT_LOC_STRINGS = YES;
				SWIFT_VERSION = 5.0;
				TARGETED_DEVICE_FAMILY = "1,2";
			};
			name = Debug;
		};
		AA4B21A22AB5F64200902071 /* Release */ = {
			isa = XCBuildConfiguration;
			buildSettings = {
				ASSETCATALOG_COMPILER_APPICON_NAME = AppIcon;
				ASSETCATALOG_COMPILER_GLOBAL_ACCENT_COLOR_NAME = AccentColor;
				CODE_SIGN_STYLE = Automatic;
				CURRENT_PROJECT_VERSION = 1;
				DEVELOPMENT_ASSET_PATHS = "\"ChatApp/Preview Content\"";
				DEVELOPMENT_TEAM = 44UXU53UD6;
				ENABLE_PREVIEWS = YES;
				GENERATE_INFOPLIST_FILE = YES;
				INFOPLIST_KEY_UIApplicationSceneManifest_Generation = YES;
				INFOPLIST_KEY_UIApplicationSupportsIndirectInputEvents = YES;
				INFOPLIST_KEY_UILaunchScreen_Generation = YES;
				INFOPLIST_KEY_UISupportedInterfaceOrientations_iPad = "UIInterfaceOrientationPortrait UIInterfaceOrientationPortraitUpsideDown UIInterfaceOrientationLandscapeLeft UIInterfaceOrientationLandscapeRight";
				INFOPLIST_KEY_UISupportedInterfaceOrientations_iPhone = "UIInterfaceOrientationPortrait UIInterfaceOrientationLandscapeLeft UIInterfaceOrientationLandscapeRight";
				LD_RUNPATH_SEARCH_PATHS = (
					"$(inherited)",
					"@executable_path/Frameworks",
				);
				MARKETING_VERSION = 1.0;
				PRODUCT_BUNDLE_IDENTIFIER = doubleclick.ChatApp;
				PRODUCT_NAME = "$(TARGET_NAME)";
				SWIFT_EMIT_LOC_STRINGS = YES;
				SWIFT_VERSION = 5.0;
				TARGETED_DEVICE_FAMILY = "1,2";
			};
			name = Release;
		};
/* End XCBuildConfiguration section */

/* Begin XCConfigurationList section */
		AA4B218D2AB5F64100902071 /* Build configuration list for PBXProject "ChatApp" */ = {
			isa = XCConfigurationList;
			buildConfigurations = (
				AA4B219E2AB5F64200902071 /* Debug */,
				AA4B219F2AB5F64200902071 /* Release */,
			);
			defaultConfigurationIsVisible = 0;
			defaultConfigurationName = Release;
		};
		AA4B21A02AB5F64200902071 /* Build configuration list for PBXNativeTarget "ChatApp" */ = {
			isa = XCConfigurationList;
			buildConfigurations = (
				AA4B21A12AB5F64200902071 /* Debug */,
				AA4B21A22AB5F64200902071 /* Release */,
			);
			defaultConfigurationIsVisible = 0;
			defaultConfigurationName = Release;
		};
/* End XCConfigurationList section */

/* Begin XCRemoteSwiftPackageReference section */
		AA4B21B02AB629AE00902071 /* XCRemoteSwiftPackageReference "firebase-ios-sdk" */ = {
			isa = XCRemoteSwiftPackageReference;
			repositoryURL = "https://github.com/firebase/firebase-ios-sdk";
			requirement = {
				kind = upToNextMajorVersion;
				minimumVersion = 10.0.0;
			};
		};
/* End XCRemoteSwiftPackageReference section */

/* Begin XCSwiftPackageProductDependency section */
		AA4B21B12AB629AE00902071 /* FirebaseFirestore */ = {
			isa = XCSwiftPackageProductDependency;
			package = AA4B21B02AB629AE00902071 /* XCRemoteSwiftPackageReference "firebase-ios-sdk" */;
			productName = FirebaseFirestore;
		};
		AA4B21B32AB629AE00902071 /* FirebaseFirestoreSwift */ = {
			isa = XCSwiftPackageProductDependency;
			package = AA4B21B02AB629AE00902071 /* XCRemoteSwiftPackageReference "firebase-ios-sdk" */;
			productName = FirebaseFirestoreSwift;
		};
/* End XCSwiftPackageProductDependency section */
	};
	rootObject = AA4B218A2AB5F64100902071 /* Project object */;
}
